<?xml version="1.0" encoding="utf-8"?>
<Project ToolsVersion="4.0" xmlns="http://schemas.microsoft.com/developer/msbuild/2003">
  <ItemGroup>
    <Filter Include="ソース ファイル">
      <UniqueIdentifier>{4FC737F1-C7A5-4376-A066-2A32D752A2FF}</UniqueIdentifier>
      <Extensions>cpp;c;cc;cxx;c++;cppm;ixx;def;odl;idl;hpj;bat;asm;asmx</Extensions>
    </Filter>
    <Filter Include="ヘッダー ファイル">
      <UniqueIdentifier>{93995380-89BD-4b04-88EB-625FBE52EBFB}</UniqueIdentifier>
      <Extensions>h;hh;hpp;hxx;h++;hm;inl;inc;ipp;xsd</Extensions>
    </Filter>
    <Filter Include="リソース ファイル">
      <UniqueIdentifier>{67DA6AB6-F800-4c08-8B7A-83BB121AAD01}</UniqueIdentifier>
      <Extensions>rc;ico;cur;bmp;dlg;rc2;rct;bin;rgs;gif;jpg;jpeg;jpe;resx;tiff;tif;png;wav;mfcribbon-ms</Extensions>
    </Filter>
    <Filter Include="Lib">
      <UniqueIdentifier>{bb130762-2970-4019-a3d8-157336b101b4}</UniqueIdentifier>
    </Filter>
    <Filter Include="Lib\ソース">
      <UniqueIdentifier>{1ab94441-ab1c-484b-b497-22a5cbb86397}</UniqueIdentifier>
    </Filter>
    <Filter Include="Lib\ヘッダ">
      <UniqueIdentifier>{d87e9a38-2f70-4b3a-beb7-0aa29da1fb44}</UniqueIdentifier>
    </Filter>
    <Filter Include="imgui">
      <UniqueIdentifier>{a3462a09-49de-4400-9055-57f3853699f0}</UniqueIdentifier>
    </Filter>
    <Filter Include="DXCommon">
      <UniqueIdentifier>{8237de33-e4ac-49af-9b22-c60c79e46187}</UniqueIdentifier>
    </Filter>
    <Filter Include="WinApp">
      <UniqueIdentifier>{c29ddf80-ab44-49aa-be42-99a62e548cca}</UniqueIdentifier>
    </Filter>
    <Filter Include="Shader">
      <UniqueIdentifier>{0ffda737-a600-4fe3-8ac8-4fb109410187}</UniqueIdentifier>
    </Filter>
  </ItemGroup>
  <ItemGroup>
    <ClCompile Include="myLib\MyLib.cpp">
      <Filter>Lib</Filter>
    </ClCompile>
    <ClCompile Include="main.cpp">
      <Filter>ソース ファイル</Filter>
    </ClCompile>
    <ClCompile Include="externals\imgui\imgui.cpp">
      <Filter>imgui</Filter>
    </ClCompile>
    <ClCompile Include="externals\imgui\imgui_demo.cpp">
      <Filter>imgui</Filter>
    </ClCompile>
    <ClCompile Include="externals\imgui\imgui_draw.cpp">
      <Filter>imgui</Filter>
    </ClCompile>
    <ClCompile Include="externals\imgui\imgui_impl_dx12.cpp">
      <Filter>imgui</Filter>
    </ClCompile>
    <ClCompile Include="externals\imgui\imgui_impl_win32.cpp">
      <Filter>imgui</Filter>
    </ClCompile>
    <ClCompile Include="externals\imgui\imgui_tables.cpp">
      <Filter>imgui</Filter>
    </ClCompile>
    <ClCompile Include="externals\imgui\imgui_widgets.cpp">
      <Filter>imgui</Filter>
    </ClCompile>
    <ClCompile Include="DXCommon.cpp">
      <Filter>DXCommon</Filter>
    </ClCompile>
    <ClCompile Include="WinApp.cpp">
      <Filter>WinApp</Filter>
    </ClCompile>
    <ClCompile Include="myLib\MatrixFunction.cpp">
      <Filter>Lib\ソース</Filter>
    </ClCompile>
    <ClCompile Include="myLib\VectorFunction.cpp">
      <Filter>Lib\ソース</Filter>
    </ClCompile>
    <ClCompile Include="Debug.cpp">
      <Filter>Lib\ソース</Filter>
    </ClCompile>
    <ClCompile Include="Material.cpp">
      <Filter>ソース ファイル</Filter>
    </ClCompile>
    <ClCompile Include="WorldTransform.cpp">
      <Filter>ソース ファイル</Filter>
    </ClCompile>
    <ClCompile Include="ViewProjection.cpp">
      <Filter>ソース ファイル</Filter>
    </ClCompile>
  </ItemGroup>
  <ItemGroup>
    <FxCompile Include="Object3d.PS.hlsl">
      <Filter>Shader</Filter>
    </FxCompile>
    <FxCompile Include="Object3d.VS.hlsl">
      <Filter>Shader</Filter>
    </FxCompile>
    <FxCompile Include="Particle.PS.hlsl">
      <Filter>Shader</Filter>
    </FxCompile>
  </ItemGroup>
  <ItemGroup>
    <ClInclude Include="myLib\MyLib.h">
      <Filter>Lib</Filter>
    </ClInclude>
    <ClInclude Include="myLib\Matrix4x4.h">
      <Filter>Lib\ヘッダ</Filter>
    </ClInclude>
    <ClInclude Include="myLib\Transformation.h">
      <Filter>Lib\ヘッダ</Filter>
    </ClInclude>
    <ClInclude Include="myLib\Vector3.h">
      <Filter>Lib\ヘッダ</Filter>
    </ClInclude>
    <ClInclude Include="externals\imgui\imconfig.h">
      <Filter>imgui</Filter>
    </ClInclude>
    <ClInclude Include="externals\imgui\imgui.h">
      <Filter>imgui</Filter>
    </ClInclude>
    <ClInclude Include="externals\imgui\imgui_impl_dx12.h">
      <Filter>imgui</Filter>
    </ClInclude>
    <ClInclude Include="externals\imgui\imgui_impl_win32.h">
      <Filter>imgui</Filter>
    </ClInclude>
    <ClInclude Include="externals\imgui\imgui_internal.h">
      <Filter>imgui</Filter>
    </ClInclude>
    <ClInclude Include="externals\imgui\imstb_rectpack.h">
      <Filter>imgui</Filter>
    </ClInclude>
    <ClInclude Include="externals\imgui\imstb_textedit.h">
      <Filter>imgui</Filter>
    </ClInclude>
    <ClInclude Include="externals\imgui\imstb_truetype.h">
      <Filter>imgui</Filter>
    </ClInclude>
    <ClInclude Include="Vector2.h">
      <Filter>Lib\ヘッダ</Filter>
    </ClInclude>
    <ClInclude Include="myLib\Vector4.h">
      <Filter>Lib\ヘッダ</Filter>
    </ClInclude>
    <ClInclude Include="Matrix3x3.h">
      <Filter>Lib\ヘッダ</Filter>
    </ClInclude>
    <ClInclude Include="WorldTransform.h">
      <Filter>ヘッダー ファイル</Filter>
    </ClInclude>
    <ClInclude Include="Mesh.h">
      <Filter>ヘッダー ファイル</Filter>
    </ClInclude>
    <ClInclude Include="Material.h">
      <Filter>ヘッダー ファイル</Filter>
    </ClInclude>
    <ClInclude Include="DXCommon.h">
      <Filter>DXCommon</Filter>
    </ClInclude>
    <ClInclude Include="WinApp.h">
      <Filter>WinApp</Filter>
    </ClInclude>
    <ClInclude Include="myLib\VectorFunction.h">
      <Filter>Lib\ヘッダ</Filter>
    </ClInclude>
    <ClInclude Include="myLib\MatrixFunction.h">
      <Filter>Lib\ヘッダ</Filter>
    </ClInclude>
    <ClInclude Include="Debug.h">
      <Filter>Lib\ヘッダ</Filter>
    </ClInclude>
    <ClInclude Include="TextureManager.h">
      <Filter>ヘッダー ファイル</Filter>
    </ClInclude>
    <ClInclude Include="Sprite.h">
      <Filter>ヘッダー ファイル</Filter>
    </ClInclude>
    <ClInclude Include="Model.h">
      <Filter>ヘッダー ファイル</Filter>
    </ClInclude>
    <ClInclude Include="ViewProjection.h">
      <Filter>ヘッダー ファイル</Filter>
    </ClInclude>
  </ItemGroup>
  <ItemGroup>
    <Text Include="externals\imgui\LICENSE.txt">
      <Filter>imgui</Filter>
    </Text>
  </ItemGroup>
  <ItemGroup>
    <None Include="Object3d.hlsli">
      <Filter>Shader</Filter>
    </None>
    <None Include="Particle.hlsli">
      <Filter>Shader</Filter>
    </None>
    <None Include="Particle.VS.hlsl">
      <Filter>Shader</Filter>
    </None>
  </ItemGroup>
</Project>