<?xml version="1.0" encoding="utf-8"?>
<Project ToolsVersion="4.0" xmlns="http://schemas.microsoft.com/developer/msbuild/2003">
  <ItemGroup>
    <Filter Include="Core">
      <UniqueIdentifier>{6EF3D10F-8DD7-466E-9AD9-CCCCFEC70535402F}</UniqueIdentifier>
    </Filter>
    <Filter Include="Core\DXCommon">
      <UniqueIdentifier>{3090D76F-4CA4-486C-8894-CCCC0C8464325C28}</UniqueIdentifier>
    </Filter>
    <Filter Include="Core\DXCommon\LeakChecker">
      <UniqueIdentifier>{19479DBC-48A7-4FE9-A2B5-CCCC9B288DBE792C}</UniqueIdentifier>
    </Filter>
    <Filter Include="Core\DXCommon\PSOManager">
      <UniqueIdentifier>{811D0C5A-FD3C-451B-BF16-CCCC09991B737C5B}</UniqueIdentifier>
    </Filter>
    <Filter Include="Core\DXCommon\SRVManager">
      <UniqueIdentifier>{13C2EA23-B647-45A9-BDD3-CCCCBA3AFF307F77}</UniqueIdentifier>
    </Filter>
    <Filter Include="Core\DXCommon\TextureManager">
      <UniqueIdentifier>{810D9FD5-A546-4902-8F3F-CCCCF5EFF2DDAFF4}</UniqueIdentifier>
    </Filter>
    <Filter Include="Core\WinApp">
      <UniqueIdentifier>{54C4CE14-B237-4482-95E3-CCCC049633CCDB5B}</UniqueIdentifier>
    </Filter>
    <Filter Include="Debug">
      <UniqueIdentifier>{6C508C7F-BAFB-46AC-A253-CCCCCDA37F84F688}</UniqueIdentifier>
    </Filter>
    <Filter Include="Features">
      <UniqueIdentifier>{719279EC-C263-4B7A-BA22-CCCC590CB5BA874D}</UniqueIdentifier>
    </Filter>
    <Filter Include="Features\Camera">
      <UniqueIdentifier>{ABB87728-61BE-4537-89CA-CCCC86ECDBEBA770}</UniqueIdentifier>
    </Filter>
    <Filter Include="Features\Camera\Camera">
      <UniqueIdentifier>{6AC27248-16EA-4AA2-B860-CCCCCE56925DDC06}</UniqueIdentifier>
    </Filter>
    <Filter Include="Features\Camera\DebugCamera">
      <UniqueIdentifier>{ED0BA713-8EDD-4E24-9593-CCCC7BA4CDDBB4F6}</UniqueIdentifier>
    </Filter>
    <Filter Include="Features\Collision">
      <UniqueIdentifier>{3EFAF9AC-F593-4653-B6B4-CCCC681D2D80B3D6}</UniqueIdentifier>
    </Filter>
    <Filter Include="Features\Collision\Collider">
      <UniqueIdentifier>{C2580A57-3884-4901-9892-CCCCAEB85088FB4F}</UniqueIdentifier>
    </Filter>
    <Filter Include="Features\Collision\Manager">
      <UniqueIdentifier>{0A3B6C94-C7C2-414D-B3DD-CCCC9B333F644C14}</UniqueIdentifier>
    </Filter>
    <Filter Include="Features\Effect">
      <UniqueIdentifier>{55C435DE-9FE7-44DC-984F-CCCCBBFFD711F761}</UniqueIdentifier>
    </Filter>
    <Filter Include="Features\Effect\Effect">
      <UniqueIdentifier>{74B5BB90-D3BF-4312-A402-CCCC417815BE9E8D}</UniqueIdentifier>
    </Filter>
    <Filter Include="Features\Effect\Manager">
      <UniqueIdentifier>{41F084D7-867F-4AE5-809A-CCCC12B05471A729}</UniqueIdentifier>
    </Filter>
    <Filter Include="Features\Effect\Particle">
      <UniqueIdentifier>{AAD8D815-F233-466C-B01F-CCCC3FB10B2F4B4B}</UniqueIdentifier>
    </Filter>
    <Filter Include="Features\Json">
      <UniqueIdentifier>{8899DB39-F26A-46DC-9B4A-CCCC3E264EFC8866}</UniqueIdentifier>
    </Filter>
    <Filter Include="Features\Json\Loader">
      <UniqueIdentifier>{7F6129D8-A7E9-4E1D-8CEB-CCCC15FE70C1F233}</UniqueIdentifier>
    </Filter>
    <Filter Include="Features\Light">
      <UniqueIdentifier>{2F6C272F-EB54-4E4E-966F-CCCC23569E0263FF}</UniqueIdentifier>
    </Filter>
    <Filter Include="Features\Light\Directional">
      <UniqueIdentifier>{7EDAF1C7-C126-4603-8662-CCCC63C566EAD9D6}</UniqueIdentifier>
    </Filter>
    <Filter Include="Features\Light\Group">
      <UniqueIdentifier>{79F8BFC9-6A52-4E73-B0E5-CCCC3566C9567BB8}</UniqueIdentifier>
    </Filter>
    <Filter Include="Features\Light\Point">
      <UniqueIdentifier>{C91BEDAE-6958-429E-8696-CCCC0B01EA57DFE7}</UniqueIdentifier>
    </Filter>
    <Filter Include="Features\Light\Spot">
      <UniqueIdentifier>{D797382B-80FC-4239-B96E-CCCC24E5C8A69DEA}</UniqueIdentifier>
    </Filter>
    <Filter Include="Features\Light\System">
      <UniqueIdentifier>{E3B62F36-662A-4E22-8AC3-CCCC25C12AC00449}</UniqueIdentifier>
    </Filter>
    <Filter Include="Features\LineDrawer">
      <UniqueIdentifier>{4CC2661C-7966-400A-8183-CCCC7ACFD6B79E92}</UniqueIdentifier>
    </Filter>
    <Filter Include="Features\Model">
      <UniqueIdentifier>{442236ED-2B84-4AC6-9217-CCCC51BDD2139DBF}</UniqueIdentifier>
    </Filter>
    <Filter Include="Features\Model\Animation">
      <UniqueIdentifier>{98FE9B08-B5AE-4E95-8984-CCCC4E6842F7B1AE}</UniqueIdentifier>
    </Filter>
    <Filter Include="Features\Model\Animation\Joint">
      <UniqueIdentifier>{625B6ECD-3B7C-4DCD-8F03-CCCCA9EBF367AE7D}</UniqueIdentifier>
    </Filter>
    <Filter Include="Features\Model\Animation\Node">
      <UniqueIdentifier>{6695CEDA-FFB0-4A6F-A85F-CCCC093501443A56}</UniqueIdentifier>
    </Filter>
    <Filter Include="Features\Model\Animation\Skeleton">
      <UniqueIdentifier>{CFB33BD4-1894-4D8E-BA65-CCCCD4FF06B209BF}</UniqueIdentifier>
    </Filter>
    <Filter Include="Features\Model\Animation\SkinCluster">
      <UniqueIdentifier>{1516B5AD-0D01-4198-A33A-CCCC11A874CA3741}</UniqueIdentifier>
    </Filter>
    <Filter Include="Features\Model\Color">
      <UniqueIdentifier>{17F19A72-1C31-43D5-B726-CCCCF263628EC0BA}</UniqueIdentifier>
    </Filter>
    <Filter Include="Features\Model\Manager">
      <UniqueIdentifier>{4199ED92-16D8-4C77-AC56-CCCC689B043BB1DD}</UniqueIdentifier>
    </Filter>
    <Filter Include="Features\Model\Material">
      <UniqueIdentifier>{4A0B1C97-9BE2-4EC5-B83E-CCCC0346EDAB236A}</UniqueIdentifier>
    </Filter>
    <Filter Include="Features\Model\Mesh">
      <UniqueIdentifier>{74EF6DE5-5D16-4B20-A000-CCCC7A77CBA3ECAC}</UniqueIdentifier>
    </Filter>
    <Filter Include="Features\Model\Primitive">
      <UniqueIdentifier>{AF88C17D-0668-4EA0-B1BE-CCCCF09029545AE5}</UniqueIdentifier>
    </Filter>
    <Filter Include="Features\Model\Transform">
      <UniqueIdentifier>{BAC7CB58-BEAE-4E54-9526-CCCC49A4F62E7675}</UniqueIdentifier>
    </Filter>
    <Filter Include="Features\Scene">
      <UniqueIdentifier>{41171404-C07A-4F15-8E94-CCCC1E023450D8B2}</UniqueIdentifier>
    </Filter>
    <Filter Include="Features\Scene\Interface">
      <UniqueIdentifier>{D2F54671-B81F-447A-99B4-CCCC4124C1839882}</UniqueIdentifier>
    </Filter>
    <Filter Include="Features\Scene\Manager">
      <UniqueIdentifier>{C165C426-4A73-44F0-9682-CCCC4C5CE9AF9B18}</UniqueIdentifier>
    </Filter>
    <Filter Include="Features\Sprite">
      <UniqueIdentifier>{A3F4BB4C-9103-4E20-8EC0-CCCCFA97AF5E92F6}</UniqueIdentifier>
    </Filter>
    <Filter Include="Features\UI">
      <UniqueIdentifier>{4FDE6819-B1FC-4A61-8E8D-CCCC432FD92FA6D2}</UniqueIdentifier>
    </Filter>
    <Filter Include="Features\UVTransform">
      <UniqueIdentifier>{57FA98A8-B08A-4A4B-B5C9-CCCCC6081A2DC7BA}</UniqueIdentifier>
    </Filter>
    <Filter Include="Framework">
      <UniqueIdentifier>{BAB57C9F-2905-4728-AB58-CCCCFB76517CC877}</UniqueIdentifier>
    </Filter>
    <Filter Include="Math">
      <UniqueIdentifier>{F70B2A29-BA53-4F9D-9E71-CCCC57D315C8BAD7}</UniqueIdentifier>
    </Filter>
    <Filter Include="Math\Matrix">
      <UniqueIdentifier>{9015C314-B17B-4A18-A451-CCCC7E9DD854A827}</UniqueIdentifier>
    </Filter>
    <Filter Include="Math\Quaternion">
      <UniqueIdentifier>{62F5F34C-75B0-445B-8E16-CCCCA89FCB3BAD6E}</UniqueIdentifier>
    </Filter>
    <Filter Include="Math\Random">
      <UniqueIdentifier>{C2EEAC3C-A5DE-4BA9-B5A9-CCCC5F9CF70DFC92}</UniqueIdentifier>
    </Filter>
    <Filter Include="Math\Vector">
      <UniqueIdentifier>{8E58AB02-EFD3-45DC-A387-CCCCC0E0DD2ED4FB}</UniqueIdentifier>
    </Filter>
    <Filter Include="Utility">
      <UniqueIdentifier>{BD411FC0-779D-4F09-AF99-CCCC04886E0CD68A}</UniqueIdentifier>
    </Filter>
    <Filter Include="Utility\ConvertString">
      <UniqueIdentifier>{CA125FFB-B0E4-4016-892A-CCCC6AF6D3CA6BBF}</UniqueIdentifier>
    </Filter>
    <Filter Include="HLSL">
      <UniqueIdentifier>{5a86c1ea-ecf1-4be9-bddc-a3ce876dd994}</UniqueIdentifier>
    </Filter>
    <Filter Include="Core\DXCommon\RTV">
      <UniqueIdentifier>{67a797a2-75d3-4270-a7f6-9ebe4ea3d28e}</UniqueIdentifier>
    </Filter>
    <Filter Include="Features\Animation">
      <UniqueIdentifier>{fc8c535f-f4d7-4570-9f9e-79de5a290788}</UniqueIdentifier>
    </Filter>
    <Filter Include="Features\Animation\Sequence">
      <UniqueIdentifier>{bb819402-d70d-4f5d-901b-fccac8611e65}</UniqueIdentifier>
    </Filter>
    <Filter Include="Core\DXCommon\CommandList">
      <UniqueIdentifier>{54397afa-09b9-473c-9f3a-691043753c50}</UniqueIdentifier>
    </Filter>
    <Filter Include="Features\Collision\Detector">
      <UniqueIdentifier>{3c490bbe-ea41-43a8-beef-a2eb15a7352e}</UniqueIdentifier>
    </Filter>
    <Filter Include="Features\Collision\Layer">
      <UniqueIdentifier>{a0c69786-c92a-47e0-a0ae-0906c1456213}</UniqueIdentifier>
    </Filter>
    <Filter Include="Features\Collision\RayCast">
      <UniqueIdentifier>{7034c5ff-0b82-41a7-8e6f-aac371dce989}</UniqueIdentifier>
    </Filter>
    <Filter Include="Features\Light\Base">
      <UniqueIdentifier>{8913d796-a4ed-4cd6-a1d5-7610ef8c711b}</UniqueIdentifier>
    </Filter>
    <Filter Include="Features\Event">
      <UniqueIdentifier>{b1f78ddc-1814-4058-b94c-70a3db2be2b2}</UniqueIdentifier>
    </Filter>
    <Filter Include="System">
      <UniqueIdentifier>{A7F2759B-A4A6-4D97-A98D-CCCCA54DEFA64FDD}</UniqueIdentifier>
    </Filter>
    <Filter Include="Features\Effect\Editor">
      <UniqueIdentifier>{222a3361-f0f8-4ba4-a39b-308b9e3b1b75}</UniqueIdentifier>
    </Filter>
    <Filter Include="Features\Effect\Emitter">
      <UniqueIdentifier>{8618e4ff-0a47-4acf-b58d-74b1fd32aa3d}</UniqueIdentifier>
    </Filter>
    <Filter Include="Features\Effect\Modifier">
      <UniqueIdentifier>{ce54f5a3-3ee8-4f06-908a-4165a3ae6dd1}</UniqueIdentifier>
    </Filter>
    <Filter Include="Math\System">
      <UniqueIdentifier>{A7F2759B-A4A6-4D97-A98D-CCCCA54DEFA64FDD}</UniqueIdentifier>
    </Filter>
    <Filter Include="System\Audio">
      <UniqueIdentifier>{2ED4BE9A-FF70-477D-B2A7-CCCCC56E17244C91}</UniqueIdentifier>
    </Filter>
    <Filter Include="System\Input">
      <UniqueIdentifier>{7E6CDDF1-8A35-4C40-8298-CCCC0EC4D13809CB}</UniqueIdentifier>
    </Filter>
    <Filter Include="System\Time">
      <UniqueIdentifier>{EB11ED35-929B-4426-AE45-CCCC416EA607C077}</UniqueIdentifier>
    </Filter>
    <Filter Include="Features\Effect\Modifier\Preset">
      <UniqueIdentifier>{9a979377-feee-4e10-a9ea-5feee9e98dfc}</UniqueIdentifier>
    </Filter>
    <Filter Include="HLSL\postEffects">
      <UniqueIdentifier>{a7a2c9b1-a36b-4f7a-a97f-fa4b9def2dc5}</UniqueIdentifier>
    </Filter>
    <Filter Include="Features\PosttEffects">
      <UniqueIdentifier>{0d12b7c9-3a88-4e79-b72f-0a20aa417cf9}</UniqueIdentifier>
    </Filter>
    <Filter Include="Features\Collision\Tree">
      <UniqueIdentifier>{a01a5b5e-fd33-4c0b-9cf1-f26c55606ed6}</UniqueIdentifier>
    </Filter>
    <Filter Include="Features\Collision\SpiralHashGrid">
      <UniqueIdentifier>{8ccabc1c-898d-4356-9e85-abbf31094bee}</UniqueIdentifier>
    </Filter>
    <Filter Include="Features\LevelEditor">
      <UniqueIdentifier>{e3c280d0-a343-413f-93ac-a4ce660ca9cf}</UniqueIdentifier>
    </Filter>
    <Filter Include="Features\LevelEditor\Loader">
      <UniqueIdentifier>{63f432ce-bc89-48fa-8545-82e8f5b69960}</UniqueIdentifier>
    </Filter>
  </ItemGroup>
  <ItemGroup>
    <ClCompile Include="Core\DXCommon\DXCommon.cpp">
      <Filter>Core\DXCommon</Filter>
    </ClCompile>
    <ClCompile Include="Core\DXCommon\LeakChecker\D3DResourceLeakChecker.cpp">
      <Filter>Core\DXCommon\LeakChecker</Filter>
    </ClCompile>
    <ClCompile Include="Core\DXCommon\PSOManager\PSOManager.cpp">
      <Filter>Core\DXCommon\PSOManager</Filter>
    </ClCompile>
    <ClCompile Include="Core\DXCommon\SRVManager\SRVManager.cpp">
      <Filter>Core\DXCommon\SRVManager</Filter>
    </ClCompile>
    <ClCompile Include="Core\DXCommon\TextureManager\TextureManager.cpp">
      <Filter>Core\DXCommon\TextureManager</Filter>
    </ClCompile>
    <ClCompile Include="Core\WinApp\WinApp.cpp">
      <Filter>Core\WinApp</Filter>
    </ClCompile>
    <ClCompile Include="Debug\Debug.cpp">
      <Filter>Debug</Filter>
    </ClCompile>
    <ClCompile Include="Debug\ImGuiManager.cpp">
      <Filter>Debug</Filter>
    </ClCompile>
    <ClCompile Include="Features\Camera\Camera\Camera.cpp">
      <Filter>Features\Camera\Camera</Filter>
    </ClCompile>
    <ClCompile Include="Features\Camera\DebugCamera\DebugCamera.cpp">
      <Filter>Features\Camera\DebugCamera</Filter>
    </ClCompile>
    <ClCompile Include="Features\Collision\Collider\Collider.cpp">
      <Filter>Features\Collision\Collider</Filter>
    </ClCompile>
    <ClCompile Include="Features\Collision\Manager\CollisionManager.cpp">
      <Filter>Features\Collision\Manager</Filter>
    </ClCompile>
    <ClCompile Include="Features\Collision\Shapes.cpp">
      <Filter>Features\Collision</Filter>
    </ClCompile>
    <ClCompile Include="Features\Effect\Particle\Particle.cpp">
      <Filter>Features\Effect\Particle</Filter>
    </ClCompile>
    <ClCompile Include="Features\Json\JsonBinder.cpp">
      <Filter>Features\Json</Filter>
    </ClCompile>
    <ClCompile Include="Features\Json\JsonHub.cpp">
      <Filter>Features\Json</Filter>
    </ClCompile>
    <ClCompile Include="Features\Json\Loader\JsonLoader.cpp">
      <Filter>Features\Json\Loader</Filter>
    </ClCompile>
    <ClCompile Include="Features\Light\Directional\DirectionalLight.cpp">
      <Filter>Features\Light\Directional</Filter>
    </ClCompile>
    <ClCompile Include="Features\Light\Group\LightGroup.cpp">
      <Filter>Features\Light\Group</Filter>
    </ClCompile>
    <ClCompile Include="Features\Light\Point\PointLight.cpp">
      <Filter>Features\Light\Point</Filter>
    </ClCompile>
    <ClCompile Include="Features\Light\Spot\SpotLight.cpp">
      <Filter>Features\Light\Spot</Filter>
    </ClCompile>
    <ClCompile Include="Features\Light\System\LightingSystem.cpp">
      <Filter>Features\Light\System</Filter>
    </ClCompile>
    <ClCompile Include="Features\LineDrawer\LineDrawer.cpp">
      <Filter>Features\LineDrawer</Filter>
    </ClCompile>
    <ClCompile Include="Features\Model\Animation\Joint\Joint.cpp">
      <Filter>Features\Model\Animation\Joint</Filter>
    </ClCompile>
    <ClCompile Include="Features\Model\Animation\ModelAnimation.cpp">
      <Filter>Features\Model\Animation</Filter>
    </ClCompile>
    <ClCompile Include="Features\Model\Animation\Node\Node.cpp">
      <Filter>Features\Model\Animation\Node</Filter>
    </ClCompile>
    <ClCompile Include="Features\Model\Animation\Skeleton\Skeleton.cpp">
      <Filter>Features\Model\Animation\Skeleton</Filter>
    </ClCompile>
    <ClCompile Include="Features\Model\Animation\SkinCluster\SkinCluster.cpp">
      <Filter>Features\Model\Animation\SkinCluster</Filter>
    </ClCompile>
    <ClCompile Include="Features\Model\Color\ObjectColor.cpp">
      <Filter>Features\Model\Color</Filter>
    </ClCompile>
    <ClCompile Include="Features\Model\Manager\ModelManager.cpp">
      <Filter>Features\Model\Manager</Filter>
    </ClCompile>
    <ClCompile Include="Features\Model\Material\Material.cpp">
      <Filter>Features\Model\Material</Filter>
    </ClCompile>
    <ClCompile Include="Features\Model\Mesh\Mesh.cpp">
      <Filter>Features\Model\Mesh</Filter>
    </ClCompile>
    <ClCompile Include="Features\Model\Model.cpp">
      <Filter>Features\Model</Filter>
    </ClCompile>
    <ClCompile Include="Features\Model\ObjectModel.cpp">
      <Filter>Features\Model</Filter>
    </ClCompile>
    <ClCompile Include="Features\Model\Primitive\Cylinder.cpp">
      <Filter>Features\Model\Primitive</Filter>
    </ClCompile>
    <ClCompile Include="Features\Model\Primitive\Ring.cpp">
      <Filter>Features\Model\Primitive</Filter>
    </ClCompile>
    <ClCompile Include="Features\Model\Transform\WorldTransform.cpp">
      <Filter>Features\Model\Transform</Filter>
    </ClCompile>
    <ClCompile Include="Features\Scene\Manager\SceneManager.cpp">
      <Filter>Features\Scene\Manager</Filter>
    </ClCompile>
    <ClCompile Include="Features\Sprite\Sprite.cpp">
      <Filter>Features\Sprite</Filter>
    </ClCompile>
    <ClCompile Include="Features\Sprite\SpriteManager.cpp">
      <Filter>Features\Sprite</Filter>
    </ClCompile>
    <ClCompile Include="Features\UI\UIBase.cpp">
      <Filter>Features\UI</Filter>
    </ClCompile>
    <ClCompile Include="Features\UI\UIButton.cpp">
      <Filter>Features\UI</Filter>
    </ClCompile>
    <ClCompile Include="Features\UI\UISprite.cpp">
      <Filter>Features\UI</Filter>
    </ClCompile>
    <ClCompile Include="Features\UVTransform\SpriteSheetAnimetion.cpp">
      <Filter>Features\UVTransform</Filter>
    </ClCompile>
    <ClCompile Include="Features\UVTransform\UVTransform.cpp">
      <Filter>Features\UVTransform</Filter>
    </ClCompile>
    <ClCompile Include="Features\UVTransform\UVTransformAnimation.cpp">
      <Filter>Features\UVTransform</Filter>
    </ClCompile>
    <ClCompile Include="Framework\Framework.cpp">
      <Filter>Framework</Filter>
    </ClCompile>
    <ClCompile Include="Math\Easing.cpp">
      <Filter>Math</Filter>
    </ClCompile>
    <ClCompile Include="Math\Matrix\Matrix4x4.cpp">
      <Filter>Math\Matrix</Filter>
    </ClCompile>
    <ClCompile Include="Math\Matrix\MatrixFunction.cpp">
      <Filter>Math\Matrix</Filter>
    </ClCompile>
    <ClCompile Include="Math\MyLib.cpp">
      <Filter>Math</Filter>
    </ClCompile>
    <ClCompile Include="Math\Quaternion\Quaternion.cpp">
      <Filter>Math\Quaternion</Filter>
    </ClCompile>
    <ClCompile Include="Math\Random\RandomGenerator.cpp">
      <Filter>Math\Random</Filter>
    </ClCompile>
    <ClCompile Include="Math\Vector\Vector2.cpp">
      <Filter>Math\Vector</Filter>
    </ClCompile>
    <ClCompile Include="Math\Vector\Vector3.cpp">
      <Filter>Math\Vector</Filter>
    </ClCompile>
    <ClCompile Include="Math\Vector\VectorFunction.cpp">
      <Filter>Math\Vector</Filter>
    </ClCompile>
    <ClCompile Include="System\Audio\Audio.cpp">
      <Filter>System\Audio</Filter>
    </ClCompile>
    <ClCompile Include="System\Input\Input.cpp">
      <Filter>System\Input</Filter>
    </ClCompile>
    <ClCompile Include="System\Time\GameTime.cpp">
      <Filter>System\Time</Filter>
    </ClCompile>
    <ClCompile Include="System\Time\GameTimeChannel.cpp">
      <Filter>System\Time</Filter>
    </ClCompile>
    <ClCompile Include="System\Time\Time.cpp">
      <Filter>System\Time</Filter>
    </ClCompile>
    <ClCompile Include="Utility\ConvertString\ConvertString.cpp">
      <Filter>Utility\ConvertString</Filter>
    </ClCompile>
    <ClCompile Include="Debug\ImGuiDebugManager.cpp">
      <Filter>Debug</Filter>
    </ClCompile>
    <ClCompile Include="Features\Animation\Sequence\SequenceEvent.cpp">
      <Filter>Features\Animation\Sequence</Filter>
    </ClCompile>
    <ClCompile Include="Debug\ImguITools.cpp">
      <Filter>Debug</Filter>
    </ClCompile>
    <ClCompile Include="Debug\ImGuiHelper.cpp">
      <Filter>Debug</Filter>
    </ClCompile>
    <ClCompile Include="Core\DXCommon\RTV\RenderTexture.cpp">
      <Filter>Core\DXCommon\RTV</Filter>
    </ClCompile>
    <ClCompile Include="Core\DXCommon\RTV\RTVManager.cpp">
      <Filter>Core\DXCommon\RTV</Filter>
    </ClCompile>
    <ClCompile Include="Features\Model\Animation\SkinningCS.cpp">
      <Filter>Features\Model\Animation</Filter>
    </ClCompile>
    <ClCompile Include="Features\Animation\Sequence\AnimationSequence.cpp">
      <Filter>Features\Animation\Sequence</Filter>
    </ClCompile>
    <ClCompile Include="Features\SilhouetteDetection.cpp">
      <Filter>Features</Filter>
    </ClCompile>
    <ClCompile Include="Core\DXCommon\CmdList\CommnadList.cpp">
      <Filter>Core\DXCommon\CommandList</Filter>
    </ClCompile>
    <ClCompile Include="Features\Collision\CollisionLayer\CollisionLayer.cpp">
      <Filter>Features\Collision\Layer</Filter>
    </ClCompile>
    <ClCompile Include="Features\Collision\CollisionLayer\CollisionLayerManager.cpp">
      <Filter>Features\Collision\Layer</Filter>
    </ClCompile>
    <ClCompile Include="Features\Collision\Detector\CollisionDetector.cpp">
      <Filter>Features\Collision\Detector</Filter>
    </ClCompile>
    <ClCompile Include="Features\Collision\RayCast\Ray.cpp">
      <Filter>Features\Collision\RayCast</Filter>
    </ClCompile>
    <ClCompile Include="Features\Collision\RayCast\RayCollisionManager.cpp">
      <Filter>Features\Collision\RayCast</Filter>
    </ClCompile>
    <ClCompile Include="Features\Event\EventManager.cpp">
      <Filter>Features\Event</Filter>
    </ClCompile>
    <ClCompile Include="Features\Event\EventTypeRegistry.cpp">
      <Filter>Features\Event</Filter>
    </ClCompile>
    <ClCompile Include="Features\Effect\Editor\ParticleEditor.cpp">
      <Filter>Features\Effect\Editor</Filter>
    </ClCompile>
    <ClCompile Include="Features\Effect\Emitter\ParticleEmitter.cpp">
      <Filter>Features\Effect\Emitter</Filter>
    </ClCompile>
    <ClCompile Include="Features\Scene\ParticleTestScene.cpp">
      <Filter>Features\Scene</Filter>
    </ClCompile>
    <ClCompile Include="Features\Effect\Manager\ParticleSystem.cpp">
      <Filter>Features\Effect\Manager</Filter>
    </ClCompile>
    <ClCompile Include="Math\BezierCurve3D.cpp">
      <Filter>Math</Filter>
    </ClCompile>
    <ClCompile Include="System\Time\Stopwatch.cpp">
      <Filter>System\Time</Filter>
    </ClCompile>
    <ClCompile Include="Features\Effect\Modifier\Preset\DecelerationModifier.cpp">
      <Filter>Features\Effect\Modifier\Preset</Filter>
    </ClCompile>
    <ClCompile Include="Features\Effect\Modifier\Preset\AlphaOverLifetime.cpp">
      <Filter>Features\Effect\Modifier\Preset</Filter>
    </ClCompile>
    <ClCompile Include="Features\PostEffects\DepthBasedOutLine.cpp">
      <Filter>Features\PosttEffects</Filter>
    </ClCompile>
    <ClCompile Include="Features\Model\Primitive\Triangle.cpp">
      <Filter>Features\Model\Primitive</Filter>
    </ClCompile>
    <ClCompile Include="Features\Model\Primitive\Plane.cpp">
      <Filter>Features\Model\Primitive</Filter>
    </ClCompile>
    <ClCompile Include="System\Time\Time_MT.cpp">
      <Filter>System\Time</Filter>
    </ClCompile>
    <ClCompile Include="Features\PostEffects\Dissolve.cpp">
      <Filter>Features\PosttEffects</Filter>
    </ClCompile>
    <ClCompile Include="System\Audio\AudioSystem.cpp">
      <Filter>System\Audio</Filter>
    </ClCompile>
    <ClCompile Include="System\Audio\SoundInstance.cpp" />
    <ClCompile Include="System\Audio\VoiceInstance.cpp" />
    <ClCompile Include="Features\Model\SkyBox.cpp">
      <Filter>Features\Model</Filter>
    </ClCompile>
    <ClCompile Include="Features\Collision\Tree\Cell.cpp">
      <Filter>Features\Collision\Tree</Filter>
    </ClCompile>
    <ClCompile Include="Features\Collision\Tree\QuadTree.cpp">
      <Filter>Features\Collision\Tree</Filter>
    </ClCompile>
    <ClCompile Include="Features\Collision\SpiralHashGird\SpiralHashGrid.cpp">
      <Filter>Features\Collision\SpiralHashGrid</Filter>
    </ClCompile>
    <ClCompile Include="Features\Effect\Modifier\Preset\RotationBasedMovementModifier.cpp">
      <Filter>Features\Effect\Modifier\Preset</Filter>
    </ClCompile>
    <ClCompile Include="LevelEditorLoader.cpp" />
  </ItemGroup>
  <ItemGroup>
    <FxCompile Include="..\Sample\Resources\Shader\LineDrawer.PS.hlsl">
      <Filter>HLSL</Filter>
    </FxCompile>
    <FxCompile Include="..\Sample\Resources\Shader\LineDrawer.VS.hlsl">
      <Filter>HLSL</Filter>
    </FxCompile>
    <FxCompile Include="..\Sample\Resources\Shader\Object3d.PS.hlsl">
      <Filter>HLSL</Filter>
    </FxCompile>
    <FxCompile Include="..\Sample\Resources\Shader\Object3d.VS.hlsl">
      <Filter>HLSL</Filter>
    </FxCompile>
    <FxCompile Include="..\Sample\Resources\Shader\Particle.PS.hlsl">
      <Filter>HLSL</Filter>
    </FxCompile>
    <FxCompile Include="..\Sample\Resources\Shader\Particle.VS.hlsl">
      <Filter>HLSL</Filter>
    </FxCompile>
    <FxCompile Include="..\Sample\Resources\Shader\SkinningObject3d.VS.hlsl">
      <Filter>HLSL</Filter>
    </FxCompile>
    <FxCompile Include="..\Sample\Resources\Shader\Sprite.PS.hlsl">
      <Filter>HLSL</Filter>
    </FxCompile>
    <FxCompile Include="..\Sample\Resources\Shader\Sprite.VS.hlsl">
      <Filter>HLSL</Filter>
    </FxCompile>
    <FxCompile Include="..\Sample\Resources\Shader\FullScreen.PS.hlsl">
      <Filter>HLSL</Filter>
    </FxCompile>
    <FxCompile Include="..\Sample\Resources\Shader\FullScreen.VS.hlsl">
      <Filter>HLSL</Filter>
    </FxCompile>
    <FxCompile Include="..\Sample\Resources\Shader\ShadowMap.hlsl">
      <Filter>HLSL</Filter>
    </FxCompile>
    <FxCompile Include="..\Sample\Resources\Shader\Skinning.CS.hlsl">
      <Filter>HLSL</Filter>
    </FxCompile>
    <FxCompile Include="PointLightShadowMap.hlsl">
      <Filter>HLSL</Filter>
    </FxCompile>
    <FxCompile Include="..\Sample\Resources\Shader\BoxFilter.hlsl">
      <Filter>HLSL\postEffects</Filter>
    </FxCompile>
    <FxCompile Include="..\Sample\Resources\Shader\GaussianFilter.hlsl">
      <Filter>HLSL\postEffects</Filter>
    </FxCompile>
    <FxCompile Include="..\Sample\Resources\Shader\GrayScale.hlsl">
      <Filter>HLSL\postEffects</Filter>
    </FxCompile>
    <FxCompile Include="..\Sample\Resources\Shader\Vignetting.hlsl">
      <Filter>HLSL\postEffects</Filter>
    </FxCompile>
    <FxCompile Include="..\Sample\Resources\Shader\LuminanceBasedOutline.hlsl">
      <Filter>HLSL\postEffects</Filter>
    </FxCompile>
    <FxCompile Include="..\Sample\Resources\Shader\DepthBasedOutline.hlsl">
      <Filter>HLSL\postEffects</Filter>
    </FxCompile>
    <FxCompile Include="..\Sample\Resources\Shader\RadialBlur.hlsl">
      <Filter>HLSL\postEffects</Filter>
    </FxCompile>
    <FxCompile Include="..\Sample\Resources\Shader\Dissolve.hlsl">
      <Filter>HLSL\postEffects</Filter>
    </FxCompile>
    <FxCompile Include="..\Sample\Resources\Shader\SkyBox.hlsl">
      <Filter>HLSL</Filter>
    </FxCompile>
  </ItemGroup>
  <ItemGroup>
    <None Include=".editorconfig" />
    <None Include="..\Sample\Resources\Shader\LineDrawer.hlsli">
      <Filter>HLSL</Filter>
    </None>
    <None Include="..\Sample\Resources\Shader\Object3d.hlsli">
      <Filter>HLSL</Filter>
    </None>
    <None Include="..\Sample\Resources\Shader\Particle.hlsli">
      <Filter>HLSL</Filter>
    </None>
    <None Include="..\Sample\Resources\Shader\Sprite.hlsli">
      <Filter>HLSL</Filter>
    </None>
    <None Include="..\Sample\Resources\Shader\FullScreen.hlsli">
      <Filter>HLSL</Filter>
    </None>
  </ItemGroup>
  <ItemGroup>
    <ClInclude Include="Core\BlendMode.h">
      <Filter>Core</Filter>
    </ClInclude>
    <ClInclude Include="Core\DXCommon\DXCommon.h">
      <Filter>Core\DXCommon</Filter>
    </ClInclude>
    <ClInclude Include="Core\DXCommon\LeakChecker\D3DResourceLeakChecker.h">
      <Filter>Core\DXCommon\LeakChecker</Filter>
    </ClInclude>
    <ClInclude Include="Core\DXCommon\PSOManager\PSOManager.h">
      <Filter>Core\DXCommon\PSOManager</Filter>
    </ClInclude>
    <ClInclude Include="Core\DXCommon\SRVManager\SRVManager.h">
      <Filter>Core\DXCommon\SRVManager</Filter>
    </ClInclude>
    <ClInclude Include="Core\DXCommon\TextureManager\TextureManager.h">
      <Filter>Core\DXCommon\TextureManager</Filter>
    </ClInclude>
    <ClInclude Include="Core\WinApp\WinApp.h">
      <Filter>Core\WinApp</Filter>
    </ClInclude>
    <ClInclude Include="Debug\Debug.h">
      <Filter>Debug</Filter>
    </ClInclude>
    <ClInclude Include="Debug\ImGuiManager.h">
      <Filter>Debug</Filter>
    </ClInclude>
    <ClInclude Include="Features\Camera\Camera\Camera.h">
      <Filter>Features\Camera\Camera</Filter>
    </ClInclude>
    <ClInclude Include="Features\Camera\DebugCamera\DebugCamera.h">
      <Filter>Features\Camera\DebugCamera</Filter>
    </ClInclude>
    <ClInclude Include="Features\Collision\Collider\Collider.h">
      <Filter>Features\Collision\Collider</Filter>
    </ClInclude>
    <ClInclude Include="Features\Collision\Manager\CollisionManager.h">
      <Filter>Features\Collision\Manager</Filter>
    </ClInclude>
    <ClInclude Include="Features\Collision\Shapes.h">
      <Filter>Features\Collision</Filter>
    </ClInclude>
    <ClInclude Include="Features\Effect\Particle\Particle.h">
      <Filter>Features\Effect\Particle</Filter>
    </ClInclude>
    <ClInclude Include="Features\Effect\ParticleInitParam.h">
      <Filter>Features\Effect</Filter>
    </ClInclude>
    <ClInclude Include="Features\Json\JsonBinder.h">
      <Filter>Features\Json</Filter>
    </ClInclude>
    <ClInclude Include="Features\Json\JsonHub.h">
      <Filter>Features\Json</Filter>
    </ClInclude>
    <ClInclude Include="Features\Json\Loader\JsonLoader.h">
      <Filter>Features\Json\Loader</Filter>
    </ClInclude>
    <ClInclude Include="Features\Light\Directional\DirectionalLight.h">
      <Filter>Features\Light\Directional</Filter>
    </ClInclude>
    <ClInclude Include="Features\Light\Group\LightGroup.h">
      <Filter>Features\Light\Group</Filter>
    </ClInclude>
    <ClInclude Include="Features\Light\Point\PointLight.h">
      <Filter>Features\Light\Point</Filter>
    </ClInclude>
    <ClInclude Include="Features\Light\Spot\SpotLight.h">
      <Filter>Features\Light\Spot</Filter>
    </ClInclude>
    <ClInclude Include="Features\Light\System\LightingSystem.h">
      <Filter>Features\Light\System</Filter>
    </ClInclude>
    <ClInclude Include="Features\LineDrawer\LineDrawer.h">
      <Filter>Features\LineDrawer</Filter>
    </ClInclude>
    <ClInclude Include="Features\Model\Animation\Joint\Joint.h">
      <Filter>Features\Model\Animation\Joint</Filter>
    </ClInclude>
    <ClInclude Include="Features\Model\Animation\ModelAnimation.h">
      <Filter>Features\Model\Animation</Filter>
    </ClInclude>
    <ClInclude Include="Features\Model\Animation\Node\Node.h">
      <Filter>Features\Model\Animation\Node</Filter>
    </ClInclude>
    <ClInclude Include="Features\Model\Animation\Skeleton\Skeleton.h">
      <Filter>Features\Model\Animation\Skeleton</Filter>
    </ClInclude>
    <ClInclude Include="Features\Model\Animation\SkinCluster\SkinCluster.h">
      <Filter>Features\Model\Animation\SkinCluster</Filter>
    </ClInclude>
    <ClInclude Include="Features\Model\Color\ObjectColor.h">
      <Filter>Features\Model\Color</Filter>
    </ClInclude>
    <ClInclude Include="Features\Model\Manager\ModelManager.h">
      <Filter>Features\Model\Manager</Filter>
    </ClInclude>
    <ClInclude Include="Features\Model\Material\Material.h">
      <Filter>Features\Model\Material</Filter>
    </ClInclude>
    <ClInclude Include="Features\Model\Mesh\Mesh.h">
      <Filter>Features\Model\Mesh</Filter>
    </ClInclude>
    <ClInclude Include="Features\Model\Model.h">
      <Filter>Features\Model</Filter>
    </ClInclude>
    <ClInclude Include="Features\Model\ObjectModel.h">
      <Filter>Features\Model</Filter>
    </ClInclude>
    <ClInclude Include="Features\Model\Primitive\Cylinder.h">
      <Filter>Features\Model\Primitive</Filter>
    </ClInclude>
    <ClInclude Include="Features\Model\Primitive\Primitive.h">
      <Filter>Features\Model\Primitive</Filter>
    </ClInclude>
    <ClInclude Include="Features\Model\Primitive\Ring.h">
      <Filter>Features\Model\Primitive</Filter>
    </ClInclude>
    <ClInclude Include="Features\Model\Transform\WorldTransform.h">
      <Filter>Features\Model\Transform</Filter>
    </ClInclude>
    <ClInclude Include="Features\Scene\Interface\BaseScene.h">
      <Filter>Features\Scene\Interface</Filter>
    </ClInclude>
    <ClInclude Include="Features\Scene\ISceneFactory.h">
      <Filter>Features\Scene</Filter>
    </ClInclude>
    <ClInclude Include="Features\Scene\Manager\SceneManager.h">
      <Filter>Features\Scene\Manager</Filter>
    </ClInclude>
    <ClInclude Include="Features\Sprite\Sprite.h">
      <Filter>Features\Sprite</Filter>
    </ClInclude>
    <ClInclude Include="Features\Sprite\SpriteManager.h">
      <Filter>Features\Sprite</Filter>
    </ClInclude>
    <ClInclude Include="Features\UI\UIBase.h">
      <Filter>Features\UI</Filter>
    </ClInclude>
    <ClInclude Include="Features\UI\UIButton.h">
      <Filter>Features\UI</Filter>
    </ClInclude>
    <ClInclude Include="Features\UI\UISprite.h">
      <Filter>Features\UI</Filter>
    </ClInclude>
    <ClInclude Include="Features\UVTransform\IUVAnimation.h">
      <Filter>Features\UVTransform</Filter>
    </ClInclude>
    <ClInclude Include="Features\UVTransform\SpriteSheetAnimetion.h">
      <Filter>Features\UVTransform</Filter>
    </ClInclude>
    <ClInclude Include="Features\UVTransform\UVTransform.h">
      <Filter>Features\UVTransform</Filter>
    </ClInclude>
    <ClInclude Include="Features\UVTransform\UVTransformAnimation.h">
      <Filter>Features\UVTransform</Filter>
    </ClInclude>
    <ClInclude Include="Framework\Framework.h">
      <Filter>Framework</Filter>
    </ClInclude>
    <ClInclude Include="Math\Easing.h">
      <Filter>Math</Filter>
    </ClInclude>
    <ClInclude Include="Math\Matrix\Matrix3x3.h">
      <Filter>Math\Matrix</Filter>
    </ClInclude>
    <ClInclude Include="Math\Matrix\Matrix4x4.h">
      <Filter>Math\Matrix</Filter>
    </ClInclude>
    <ClInclude Include="Math\Matrix\MatrixFunction.h">
      <Filter>Math\Matrix</Filter>
    </ClInclude>
    <ClInclude Include="Math\MyLib.h">
      <Filter>Math</Filter>
    </ClInclude>
    <ClInclude Include="Math\Quaternion\Quaternion.h">
      <Filter>Math\Quaternion</Filter>
    </ClInclude>
    <ClInclude Include="Math\Quaternion\QuaternionTransform.h">
      <Filter>Math\Quaternion</Filter>
    </ClInclude>
    <ClInclude Include="Math\Random\RandomGenerator.h">
      <Filter>Math\Random</Filter>
    </ClInclude>
    <ClInclude Include="Math\Vector\Vector2.h">
      <Filter>Math\Vector</Filter>
    </ClInclude>
    <ClInclude Include="Math\Vector\Vector3.h">
      <Filter>Math\Vector</Filter>
    </ClInclude>
    <ClInclude Include="Math\Vector\Vector4.h">
      <Filter>Math\Vector</Filter>
    </ClInclude>
    <ClInclude Include="Math\Vector\VectorFunction.h">
      <Filter>Math\Vector</Filter>
    </ClInclude>
    <ClInclude Include="System\Audio\Audio.h">
      <Filter>System\Audio</Filter>
    </ClInclude>
    <ClInclude Include="System\Input\Input.h">
      <Filter>System\Input</Filter>
    </ClInclude>
    <ClInclude Include="System\Time\GameTime.h">
      <Filter>System\Time</Filter>
    </ClInclude>
    <ClInclude Include="System\Time\GameTimeChannel.h">
      <Filter>System\Time</Filter>
    </ClInclude>
    <ClInclude Include="System\Time\Time.h">
      <Filter>System\Time</Filter>
    </ClInclude>
    <ClInclude Include="Utility\ConvertString\ConvertString.h">
      <Filter>Utility\ConvertString</Filter>
    </ClInclude>
    <ClInclude Include="Debug\ImGuiDebugManager.h">
      <Filter>Debug</Filter>
    </ClInclude>
    <ClInclude Include="Debug\ImguITools.h">
      <Filter>Debug</Filter>
    </ClInclude>
    <ClInclude Include="Debug\ImGuiHelper.h">
      <Filter>Debug</Filter>
    </ClInclude>
    <ClInclude Include="Features\Scene\Interface\ISceneTransition.h">
      <Filter>Features\Scene\Interface</Filter>
    </ClInclude>
    <ClInclude Include="Features\Animation\Sequence\SequenceEvent.h">
      <Filter>Features\Animation\Sequence</Filter>
    </ClInclude>
    <ClInclude Include="Features\Animation\Sequence\AnimationSequence.h">
      <Filter>Features\Animation\Sequence</Filter>
    </ClInclude>
    <ClInclude Include="Core\DXCommon\RTV\RTVManager.h">
      <Filter>Core\DXCommon\RTV</Filter>
    </ClInclude>
    <ClInclude Include="Core\DXCommon\RTV\RenderTexture.h">
      <Filter>Core\DXCommon\RTV</Filter>
    </ClInclude>
    <ClInclude Include="Features\Model\Animation\SkinningCS.h">
      <Filter>Features\Model\Animation</Filter>
    </ClInclude>
    <ClInclude Include="Features\SilhouetteDetection.h">
      <Filter>Features</Filter>
    </ClInclude>
    <ClInclude Include="Core\DXCommon\CmdList\CommandList.h">
      <Filter>Core\DXCommon\CommandList</Filter>
    </ClInclude>
    <ClInclude Include="Features\Collision\CollisionLayer\CollisionLayer.h">
      <Filter>Features\Collision\Layer</Filter>
    </ClInclude>
    <ClInclude Include="Features\Collision\CollisionLayer\CollisionLayerManager.h">
      <Filter>Features\Collision\Layer</Filter>
    </ClInclude>
    <ClInclude Include="Features\Collision\Detector\CollisionDetector.h">
      <Filter>Features\Collision\Detector</Filter>
    </ClInclude>
    <ClInclude Include="Features\Collision\RayCast\Ray.h">
      <Filter>Features\Collision\RayCast</Filter>
    </ClInclude>
    <ClInclude Include="Features\Collision\RayCast\RayCollisionManager.h">
      <Filter>Features\Collision\RayCast</Filter>
    </ClInclude>
    <ClInclude Include="Features\Light\Light.h">
      <Filter>Features\Light\Base</Filter>
    </ClInclude>
    <ClInclude Include="Features\Event\EventManager.h">
      <Filter>Features\Event</Filter>
    </ClInclude>
    <ClInclude Include="Features\Event\GameEvent.h">
      <Filter>Features\Event</Filter>
    </ClInclude>
    <ClInclude Include="Features\Event\EventListener.h">
      <Filter>Features\Event</Filter>
    </ClInclude>
    <ClInclude Include="Features\Event\EventTypeRegistry.h">
      <Filter>Features\Event</Filter>
    </ClInclude>
    <ClInclude Include="Features\Event\EventData.h">
      <Filter>Features\Event</Filter>
    </ClInclude>
    <ClInclude Include="Features\Effect\Editor\ParticleEditor.h">
      <Filter>Features\Effect\Editor</Filter>
    </ClInclude>
    <ClInclude Include="Features\Effect\Emitter\ParticleEmitter.h">
      <Filter>Features\Effect\Emitter</Filter>
    </ClInclude>
    <ClInclude Include="Features\Scene\ParticleTestScene.h">
      <Filter>Features\Scene</Filter>
    </ClInclude>
    <ClInclude Include="Features\Effect\Manager\ParticleSystem.h">
      <Filter>Features\Effect\Manager</Filter>
    </ClInclude>
    <ClInclude Include="Math\BezierCurve3D.h">
      <Filter>Math</Filter>
    </ClInclude>
    <ClInclude Include="System\Time\Stopwatch.h">
      <Filter>System\Time</Filter>
    </ClInclude>
    <ClInclude Include="Features\Effect\Modifier\IPaticleMoifierFactory.h">
      <Filter>Features\Effect\Modifier</Filter>
    </ClInclude>
    <ClInclude Include="Features\Effect\Modifier\ParticleModifier.h">
      <Filter>Features\Effect\Modifier</Filter>
    </ClInclude>
    <ClInclude Include="Features\Effect\Modifier\Preset\DecelerationModifier.h">
      <Filter>Features\Effect\Modifier\Preset</Filter>
    </ClInclude>
    <ClInclude Include="Features\Effect\Modifier\Preset\AlphaOverLifetime.h">
      <Filter>Features\Effect\Modifier\Preset</Filter>
    </ClInclude>
    <ClInclude Include="Features\PostEffects\DepthBasedOutLine.h">
      <Filter>Features\PosttEffects</Filter>
    </ClInclude>
    <ClInclude Include="Features\Model\Primitive\Triangle.h">
      <Filter>Features\Model\Primitive</Filter>
    </ClInclude>
    <ClInclude Include="Features\Model\Primitive\Plane.h">
      <Filter>Features\Model\Primitive</Filter>
    </ClInclude>
    <ClInclude Include="System\Time\Time_MT.h">
      <Filter>System\Time</Filter>
    </ClInclude>
    <ClInclude Include="Features\PostEffects\Dissolve.h">
      <Filter>Features\PosttEffects</Filter>
    </ClInclude>
    <ClInclude Include="System\Audio\SoundInstance.h">
      <Filter>System\Audio</Filter>
    </ClInclude>
    <ClInclude Include="System\Audio\VoiceInstance.h">
      <Filter>System\Audio</Filter>
    </ClInclude>
    <ClInclude Include="System\Audio\AudioSystem.h">
      <Filter>System\Audio</Filter>
    </ClInclude>
    <ClInclude Include="Features\Model\SkyBox.h">
      <Filter>Features\Model</Filter>
    </ClInclude>
    <ClInclude Include="Features\Collision\Tree\Cell.h">
      <Filter>Features\Collision\Tree</Filter>
    </ClInclude>
    <ClInclude Include="Features\Collision\Tree\QuadTree.h">
      <Filter>Features\Collision\Tree</Filter>
    </ClInclude>
    <ClInclude Include="Features\Collision\SpiralHashGird\SpiralHashGrid.h">
      <Filter>Features\Collision\SpiralHashGrid</Filter>
    </ClInclude>
    <ClInclude Include="Features\Scene\SceneData.h">
      <Filter>Features\Scene</Filter>
    </ClInclude>
    <ClInclude Include="Features\Effect\Modifier\Preset\RotationBasedMovementModifier.h">
      <Filter>Features\Effect\Modifier\Preset</Filter>
    </ClInclude>
    <ClInclude Include="LevelEditorLoader.h">
      <Filter>Features\LevelEditor\Loader</Filter>
    </ClInclude>
  </ItemGroup>
</Project>