<?xml version="1.0" encoding="utf-8"?>
<Project ToolsVersion="4.0" xmlns="http://schemas.microsoft.com/developer/msbuild/2003">
  <ItemGroup>
    <Filter Include="ソース ファイル">
      <UniqueIdentifier>{4FC737F1-C7A5-4376-A066-2A32D752A2FF}</UniqueIdentifier>
      <Extensions>cpp;c;cc;cxx;c++;cppm;ixx;def;odl;idl;hpj;bat;asm;asmx</Extensions>
    </Filter>
    <Filter Include="ヘッダー ファイル">
      <UniqueIdentifier>{93995380-89BD-4b04-88EB-625FBE52EBFB}</UniqueIdentifier>
      <Extensions>h;hh;hpp;hxx;h++;hm;inl;inc;ipp;xsd</Extensions>
    </Filter>
    <Filter Include="リソース ファイル">
      <UniqueIdentifier>{67DA6AB6-F800-4c08-8B7A-83BB121AAD01}</UniqueIdentifier>
      <Extensions>rc;ico;cur;bmp;dlg;rc2;rct;bin;rgs;gif;jpg;jpeg;jpe;resx;tiff;tif;png;wav;mfcribbon-ms</Extensions>
    </Filter>
    <Filter Include="Essential">
      <UniqueIdentifier>{35122821-d01c-454c-96aa-437eeeeb157c}</UniqueIdentifier>
    </Filter>
    <Filter Include="Essential\Framework">
      <UniqueIdentifier>{fcc7b30e-bcce-4842-a127-0cdbda2f4eb7}</UniqueIdentifier>
    </Filter>
    <Filter Include="Essential\SceneFactory">
      <UniqueIdentifier>{39b60f53-c8f1-4fcd-9b22-a97e97e8ca10}</UniqueIdentifier>
    </Filter>
    <Filter Include="Essential\Scene">
      <UniqueIdentifier>{83677a5a-35df-4955-b6d3-9b4dab5ef035}</UniqueIdentifier>
    </Filter>
    <Filter Include="Essential\ParticleModifierFactory">
      <UniqueIdentifier>{80f74a2d-6616-42ce-a24f-98496148b07b}</UniqueIdentifier>
    </Filter>
  </ItemGroup>
  <ItemGroup>
    <ClCompile Include="SampleScene.cpp">
      <Filter>Essential\Scene</Filter>
    </ClCompile>
    <ClCompile Include="SceneFactory.cpp">
      <Filter>Essential\SceneFactory</Filter>
    </ClCompile>
    <ClCompile Include="SampleFramework.cpp">
      <Filter>Essential\Framework</Filter>
    </ClCompile>
    <ClCompile Include="main.cpp">
      <Filter>ソース ファイル</Filter>
    </ClCompile>
    <ClCompile Include="ParticleModifierFactory.cpp">
      <Filter>Essential\ParticleModifierFactory</Filter>
    </ClCompile>
  </ItemGroup>
  <ItemGroup>
    <None Include=".editorconfig" />
  </ItemGroup>
  <ItemGroup>
    <ClInclude Include="SampleScene.h">
      <Filter>Essential\Scene</Filter>
    </ClInclude>
    <ClInclude Include="SceneFactory.h">
      <Filter>Essential\SceneFactory</Filter>
    </ClInclude>
    <ClInclude Include="SampleFramework.h">
      <Filter>Essential\Framework</Filter>
    </ClInclude>
    <ClInclude Include="ParticleModifierFactory.h">
      <Filter>Essential\ParticleModifierFactory</Filter>
    </ClInclude>
  </ItemGroup>
</Project>